
Microsoft Visual Studio Solution File, Format Version 12.00
# Visual Studio Version 17
VisualStudioVersion = 17.9.34728.123
MinimumVisualStudioVersion = 10.0.40219.1
Project("{FAE04EC0-301F-11D3-BF4B-00C04F79EFBC}") = "MVCWebLab2", "MVCWebLab2.csproj", "{EBF472F5-1FDE-4B43-A1E4-2F3A256377AA}"
EndProject
Global
	GlobalSection(SolutionConfigurationPlatforms) = preSolution
		Debug|Any CPU = Debug|Any CPU
		Release|Any CPU = Release|Any CPU
	EndGlobalSection
	GlobalSection(ProjectConfigurationPlatforms) = postSolution
		{EBF472F5-1FDE-4B43-A1E4-2F3A256377AA}.Debug|Any CPU.ActiveCfg = Debug|Any CPU
		{EBF472F5-1FDE-4B43-A1E4-2F3A256377AA}.Debug|Any CPU.Build.0 = Debug|Any CPU
		{EBF472F5-1FDE-4B43-A1E4-2F3A256377AA}.Release|Any CPU.ActiveCfg = Release|Any CPU
		{EBF472F5-1FDE-4B43-A1E4-2F3A256377AA}.Release|Any CPU.Build.0 = Release|Any CPU
	EndGlobalSection
	GlobalSection(SolutionProperties) = preSolution
		HideSolutionNode = FALSE
	EndGlobalSection
	GlobalSection(ExtensibilityGlobals) = postSolution
		SolutionGuid = {46E347AF-A3F6-486D-B54D-D9259102C12C}
	EndGlobalSection
EndGlobal
